
Microsoft Visual Studio Solution File, Format Version 12.00
# Visual Studio Version 17
VisualStudioVersion = 17.7.34202.233
MinimumVisualStudioVersion = 10.0.40219.1
Project("{FAE04EC0-301F-11D3-BF4B-00C04F79EFBC}") = "MiniProject_eLearning_ASPNET_MVC", "MiniProject_eLearning_ASPNET_MVC\MiniProject_eLearning_ASPNET_MVC.csproj", "{770262E2-FC27-48C2-BB5D-67FEFC09294C}"
EndProject
Global
	GlobalSection(SolutionConfigurationPlatforms) = preSolution
		Debug|Any CPU = Debug|Any CPU
		Release|Any CPU = Release|Any CPU
	EndGlobalSection
	GlobalSection(ProjectConfigurationPlatforms) = postSolution
		{770262E2-FC27-48C2-BB5D-67FEFC09294C}.Debug|Any CPU.ActiveCfg = Debug|Any CPU
		{770262E2-FC27-48C2-BB5D-67FEFC09294C}.Debug|Any CPU.Build.0 = Debug|Any CPU
		{770262E2-FC27-48C2-BB5D-67FEFC09294C}.Release|Any CPU.ActiveCfg = Release|Any CPU
		{770262E2-FC27-48C2-BB5D-67FEFC09294C}.Release|Any CPU.Build.0 = Release|Any CPU
	EndGlobalSection
	GlobalSection(SolutionProperties) = preSolution
		HideSolutionNode = FALSE
	EndGlobalSection
	GlobalSection(ExtensibilityGlobals) = postSolution
		SolutionGuid = {91F3632C-B291-4859-853F-00919DFA4870}
	EndGlobalSection
EndGlobal
